
Microsoft Visual Studio Solution File, Format Version 12.00
# Visual Studio Version 17
VisualStudioVersion = 17.11.35222.181
MinimumVisualStudioVersion = 10.0.40219.1
Project("{FAE04EC0-301F-11D3-BF4B-00C04F79EFBC}") = "ProjectEuler", "ProjectEuler\ProjectEuler.csproj", "{338F4F7C-A2DB-48EA-8A0A-F95D1F80D1B1}"
EndProject
Global
	GlobalSection(SolutionConfigurationPlatforms) = preSolution
		Debug|Any CPU = Debug|Any CPU
		Release|Any CPU = Release|Any CPU
	EndGlobalSection
	GlobalSection(ProjectConfigurationPlatforms) = postSolution
		{338F4F7C-A2DB-48EA-8A0A-F95D1F80D1B1}.Debug|Any CPU.ActiveCfg = Debug|Any CPU
		{338F4F7C-A2DB-48EA-8A0A-F95D1F80D1B1}.Debug|Any CPU.Build.0 = Debug|Any CPU
		{338F4F7C-A2DB-48EA-8A0A-F95D1F80D1B1}.Release|Any CPU.ActiveCfg = Release|Any CPU
		{338F4F7C-A2DB-48EA-8A0A-F95D1F80D1B1}.Release|Any CPU.Build.0 = Release|Any CPU
	EndGlobalSection
	GlobalSection(SolutionProperties) = preSolution
		HideSolutionNode = FALSE
	EndGlobalSection
	GlobalSection(ExtensibilityGlobals) = postSolution
		SolutionGuid = {A5A13B17-9F35-4E24-B1E0-63D9969B36F6}
	EndGlobalSection
EndGlobal
